
Microsoft Visual Studio Solution File, Format Version 12.00
# Visual Studio Version 17
VisualStudioVersion = 17.12.35527.113 d17.12
MinimumVisualStudioVersion = 10.0.40219.1
Project("{FAE04EC0-301F-11D3-BF4B-00C04F79EFBC}") = "UnitTests", "UnitTests\UnitTests.csproj", "{4C6FCC59-38E1-4DCC-9C24-42F23A959A02}"
EndProject
Project("{FAE04EC0-301F-11D3-BF4B-00C04F79EFBC}") = "ModulFunctions", "ModulFunctions\ModulFunctions.csproj", "{77670190-D254-41D1-8888-E03DB3F002DA}"
EndProject
Global
	GlobalSection(SolutionConfigurationPlatforms) = preSolution
		Debug|Any CPU = Debug|Any CPU
		Release|Any CPU = Release|Any CPU
	EndGlobalSection
	GlobalSection(ProjectConfigurationPlatforms) = postSolution
		{4C6FCC59-38E1-4DCC-9C24-42F23A959A02}.Debug|Any CPU.ActiveCfg = Debug|Any CPU
		{4C6FCC59-38E1-4DCC-9C24-42F23A959A02}.Debug|Any CPU.Build.0 = Debug|Any CPU
		{4C6FCC59-38E1-4DCC-9C24-42F23A959A02}.Release|Any CPU.ActiveCfg = Release|Any CPU
		{4C6FCC59-38E1-4DCC-9C24-42F23A959A02}.Release|Any CPU.Build.0 = Release|Any CPU
		{77670190-D254-41D1-8888-E03DB3F002DA}.Debug|Any CPU.ActiveCfg = Debug|Any CPU
		{77670190-D254-41D1-8888-E03DB3F002DA}.Debug|Any CPU.Build.0 = Debug|Any CPU
		{77670190-D254-41D1-8888-E03DB3F002DA}.Release|Any CPU.ActiveCfg = Release|Any CPU
		{77670190-D254-41D1-8888-E03DB3F002DA}.Release|Any CPU.Build.0 = Release|Any CPU
	EndGlobalSection
	GlobalSection(SolutionProperties) = preSolution
		HideSolutionNode = FALSE
	EndGlobalSection
EndGlobal
